
Microsoft Visual Studio Solution File, Format Version 12.00
# Visual Studio Version 16
VisualStudioVersion = 16.0.30225.117
MinimumVisualStudioVersion = 10.0.40219.1
Project("{9A19103F-16F7-4668-BE54-9A1E7A4F7556}") = "BlazorDashboard", "BlazorDashboard\BlazorDashboard.csproj", "{C8CB0108-B6D0-440C-90C9-632C3ACA030B}"
EndProject
Global
	GlobalSection(SolutionConfigurationPlatforms) = preSolution
		Debug|Any CPU = Debug|Any CPU
		Release|Any CPU = Release|Any CPU
	EndGlobalSection
	GlobalSection(ProjectConfigurationPlatforms) = postSolution
		{C8CB0108-B6D0-440C-90C9-632C3ACA030B}.Debug|Any CPU.ActiveCfg = Debug|Any CPU
		{C8CB0108-B6D0-440C-90C9-632C3ACA030B}.Debug|Any CPU.Build.0 = Debug|Any CPU
		{C8CB0108-B6D0-440C-90C9-632C3ACA030B}.Release|Any CPU.ActiveCfg = Release|Any CPU
		{C8CB0108-B6D0-440C-90C9-632C3ACA030B}.Release|Any CPU.Build.0 = Release|Any CPU
	EndGlobalSection
	GlobalSection(SolutionProperties) = preSolution
		HideSolutionNode = FALSE
	EndGlobalSection
	GlobalSection(ExtensibilityGlobals) = postSolution
		SolutionGuid = {8E498112-F37A-41A4-8E32-9159ADE79859}
	EndGlobalSection
EndGlobal
